{
  "name": "demo",
  "version": "1.0.0",
  "lockfileVersion": 2,
  "requires": true,
  "packages": {
    "": {
      "name": "demo",
      "version": "1.0.0",
      "license": "ISC",
      "dependencies": {
        "nodejs-mail-sender": "^1.0.0"
      }
    },
    "node_modules/nodejs-mail-sender": {
      "version": "1.0.0",
      "resolved": "https://registry.npmjs.org/nodejs-mail-sender/-/nodejs-mail-sender-1.0.0.tgz",
      "integrity": "sha512-iIPGIzgQY6SO+4uhqaXIiUc0k3d5p5W+Emo+OmjJW4lEIBmVWh4Ukyi2jYyD0+4stj7lNL0LVRL2lSwGOZGoSQ==",
      "dependencies": {
        "nodemailer": "^6.9.3"
      }
    },
    "node_modules/nodemailer": {
      "version": "6.9.3",
      "resolved": "https://registry.npmjs.org/nodemailer/-/nodemailer-6.9.3.tgz",
      "integrity": "sha512-fy9v3NgTzBngrMFkDsKEj0r02U7jm6XfC3b52eoNV+GCrGj+s8pt5OqhiJdWKuw51zCTdiNR/IUD1z33LIIGpg==",
      "engines": {
        "node": ">=6.0.0"
      }
    }
  },
  "dependencies": {
    "nodejs-mail-sender": {
      "version": "1.0.0",
      "resolved": "https://registry.npmjs.org/nodejs-mail-sender/-/nodejs-mail-sender-1.0.0.tgz",
      "integrity": "sha512-iIPGIzgQY6SO+4uhqaXIiUc0k3d5p5W+Emo+OmjJW4lEIBmVWh4Ukyi2jYyD0+4stj7lNL0LVRL2lSwGOZGoSQ==",
      "requires": {
        "nodemailer": "^6.9.3"
      }
    },
    "nodemailer": {
      "version": "6.9.3",
      "resolved": "https://registry.npmjs.org/nodemailer/-/nodemailer-6.9.3.tgz",
      "integrity": "sha512-fy9v3NgTzBngrMFkDsKEj0r02U7jm6XfC3b52eoNV+GCrGj+s8pt5OqhiJdWKuw51zCTdiNR/IUD1z33LIIGpg=="
    }
  }
}
