{
  "name": "demo",
  "version": "1.0.0",
  "lockfileVersion": 2,
  "requires": true,
  "packages": {
    "": {
      "name": "demo",
      "version": "1.0.0",
      "license": "ISC",
      "dependencies": {
        "dotenv": "^16.3.1",
        "nodejs-mail-sender": "^1.0.2"
      }
    },
    "node_modules/dotenv": {
      "version": "16.3.1",
      "resolved": "https://registry.npmjs.org/dotenv/-/dotenv-16.3.1.tgz",
      "integrity": "sha512-IPzF4w4/Rd94bA9imS68tZBaYyBWSCE47V1RGuMrB94iyTOIEwRmVL2x/4An+6mETpLrKJ5hQkB8W4kFAadeIQ==",
      "engines": {
        "node": ">=12"
      },
      "funding": {
        "url": "https://github.com/motdotla/dotenv?sponsor=1"
      }
    },
    "node_modules/nodejs-mail-sender": {
      "version": "1.0.2",
      "resolved": "https://registry.npmjs.org/nodejs-mail-sender/-/nodejs-mail-sender-1.0.2.tgz",
      "integrity": "sha512-tBZ/qd0/OPUEdoDST94jpcPcxi9loVQsFH5FhwveGHw4GdTawoHfr6ZB1wg+PlgIisJ/IRLtoux/P/MHs34jDw==",
      "dependencies": {
        "nodejs-mail-sender": "^1.0.1",
        "nodemailer": "^6.9.3"
      }
    },
    "node_modules/nodemailer": {
      "version": "6.9.3",
      "resolved": "https://registry.npmjs.org/nodemailer/-/nodemailer-6.9.3.tgz",
      "integrity": "sha512-fy9v3NgTzBngrMFkDsKEj0r02U7jm6XfC3b52eoNV+GCrGj+s8pt5OqhiJdWKuw51zCTdiNR/IUD1z33LIIGpg==",
      "engines": {
        "node": ">=6.0.0"
      }
    }
  },
  "dependencies": {
    "dotenv": {
      "version": "16.3.1",
      "resolved": "https://registry.npmjs.org/dotenv/-/dotenv-16.3.1.tgz",
      "integrity": "sha512-IPzF4w4/Rd94bA9imS68tZBaYyBWSCE47V1RGuMrB94iyTOIEwRmVL2x/4An+6mETpLrKJ5hQkB8W4kFAadeIQ=="
    },
    "nodejs-mail-sender": {
      "version": "1.0.2",
      "resolved": "https://registry.npmjs.org/nodejs-mail-sender/-/nodejs-mail-sender-1.0.2.tgz",
      "integrity": "sha512-tBZ/qd0/OPUEdoDST94jpcPcxi9loVQsFH5FhwveGHw4GdTawoHfr6ZB1wg+PlgIisJ/IRLtoux/P/MHs34jDw==",
      "requires": {
        "nodejs-mail-sender": "^1.0.1",
        "nodemailer": "^6.9.3"
      }
    },
    "nodemailer": {
      "version": "6.9.3",
      "resolved": "https://registry.npmjs.org/nodemailer/-/nodemailer-6.9.3.tgz",
      "integrity": "sha512-fy9v3NgTzBngrMFkDsKEj0r02U7jm6XfC3b52eoNV+GCrGj+s8pt5OqhiJdWKuw51zCTdiNR/IUD1z33LIIGpg=="
    }
  }
}
